// !$*UTF8*$!
{
	archiveVersion = 1;
	classes = {
	};
	objectVersion = 50;
	objects = {

/* Begin PBXBuildFile section */
		CE6594FA271BE6A3001812CD /* CollectionViewFlowLayout.swift in Sources */ = {isa = PBXBuildFile; fileRef = CE6594F9271BE6A3001812CD /* CollectionViewFlowLayout.swift */; };
		CE6594FC271BF436001812CD /* Constants.swift in Sources */ = {isa = PBXBuildFile; fileRef = CE6594FB271BF436001812CD /* Constants.swift */; };
		CE6594FE271C0485001812CD /* ResourceManager.swift in Sources */ = {isa = PBXBuildFile; fileRef = CE6594FD271C0485001812CD /* ResourceManager.swift */; };
		CE6FFBB2271D2440005A2FE3 /* NSError+Extension.swift in Sources */ = {isa = PBXBuildFile; fileRef = CE6FFBB1271D2440005A2FE3 /* NSError+Extension.swift */; };
		CE6FFBB4271D2B27005A2FE3 /* ResourceRequestController.swift in Sources */ = {isa = PBXBuildFile; fileRef = CE6FFBB3271D2B27005A2FE3 /* ResourceRequestController.swift */; };
		CE7BC7AB271C8DA3001A8F74 /* ResourceFileManager.swift in Sources */ = {isa = PBXBuildFile; fileRef = CE7BC7AA271C8DA3001A8F74 /* ResourceFileManager.swift */; };
		CEFCE12327196BFF00DAE424 /* AppDelegate.swift in Sources */ = {isa = PBXBuildFile; fileRef = CEFCE12227196BFF00DAE424 /* AppDelegate.swift */; };
		CEFCE12727196BFF00DAE424 /* ViewController.swift in Sources */ = {isa = PBXBuildFile; fileRef = CEFCE12627196BFF00DAE424 /* ViewController.swift */; };
		CEFCE12A27196C0000DAE424 /* Main.storyboard in Resources */ = {isa = PBXBuildFile; fileRef = CEFCE12827196C0000DAE424 /* Main.storyboard */; };
		CEFCE12C27196C0B00DAE424 /* Assets.xcassets in Resources */ = {isa = PBXBuildFile; fileRef = CEFCE12B27196C0B00DAE424 /* Assets.xcassets */; };
		CEFCE12F27196C0B00DAE424 /* LaunchScreen.storyboard in Resources */ = {isa = PBXBuildFile; fileRef = CEFCE12D27196C0B00DAE424 /* LaunchScreen.storyboard */; };
		CEFCE1372719748F00DAE424 /* CollectionViewCell.swift in Sources */ = {isa = PBXBuildFile; fileRef = CEFCE1362719748F00DAE424 /* CollectionViewCell.swift */; };
/* End PBXBuildFile section */

/* Begin PBXFileReference section */
		CE6594F9271BE6A3001812CD /* CollectionViewFlowLayout.swift */ = {isa = PBXFileReference; lastKnownFileType = sourcecode.swift; path = CollectionViewFlowLayout.swift; sourceTree = "<group>"; };
		CE6594FB271BF436001812CD /* Constants.swift */ = {isa = PBXFileReference; lastKnownFileType = sourcecode.swift; path = Constants.swift; sourceTree = "<group>"; };
		CE6594FD271C0485001812CD /* ResourceManager.swift */ = {isa = PBXFileReference; lastKnownFileType = sourcecode.swift; path = ResourceManager.swift; sourceTree = "<group>"; };
		CE6FFBB1271D2440005A2FE3 /* NSError+Extension.swift */ = {isa = PBXFileReference; lastKnownFileType = sourcecode.swift; path = "NSError+Extension.swift"; sourceTree = "<group>"; };
		CE6FFBB3271D2B27005A2FE3 /* ResourceRequestController.swift */ = {isa = PBXFileReference; lastKnownFileType = sourcecode.swift; path = ResourceRequestController.swift; sourceTree = "<group>"; };
		CE7BC7AA271C8DA3001A8F74 /* ResourceFileManager.swift */ = {isa = PBXFileReference; lastKnownFileType = sourcecode.swift; path = ResourceFileManager.swift; sourceTree = "<group>"; };
		CEFCE11F27196BFF00DAE424 /* TestAppCollection.app */ = {isa = PBXFileReference; explicitFileType = wrapper.application; includeInIndex = 0; path = TestAppCollection.app; sourceTree = BUILT_PRODUCTS_DIR; };
		CEFCE12227196BFF00DAE424 /* AppDelegate.swift */ = {isa = PBXFileReference; lastKnownFileType = sourcecode.swift; path = AppDelegate.swift; sourceTree = "<group>"; };
		CEFCE12627196BFF00DAE424 /* ViewController.swift */ = {isa = PBXFileReference; lastKnownFileType = sourcecode.swift; path = ViewController.swift; sourceTree = "<group>"; };
		CEFCE12927196C0000DAE424 /* Base */ = {isa = PBXFileReference; lastKnownFileType = file.storyboard; name = Base; path = Base.lproj/Main.storyboard; sourceTree = "<group>"; };
		CEFCE12B27196C0B00DAE424 /* Assets.xcassets */ = {isa = PBXFileReference; lastKnownFileType = folder.assetcatalog; path = Assets.xcassets; sourceTree = "<group>"; };
		CEFCE12E27196C0B00DAE424 /* Base */ = {isa = PBXFileReference; lastKnownFileType = file.storyboard; name = Base; path = Base.lproj/LaunchScreen.storyboard; sourceTree = "<group>"; };
		CEFCE13027196C0B00DAE424 /* Info.plist */ = {isa = PBXFileReference; lastKnownFileType = text.plist.xml; path = Info.plist; sourceTree = "<group>"; };
		CEFCE1362719748F00DAE424 /* CollectionViewCell.swift */ = {isa = PBXFileReference; lastKnownFileType = sourcecode.swift; path = CollectionViewCell.swift; sourceTree = "<group>"; };
/* End PBXFileReference section */

/* Begin PBXFrameworksBuildPhase section */
		CEFCE11C27196BFF00DAE424 /* Frameworks */ = {
			isa = PBXFrameworksBuildPhase;
			buildActionMask = 2147483647;
			files = (
			);
			runOnlyForDeploymentPostprocessing = 0;
		};
/* End PBXFrameworksBuildPhase section */

/* Begin PBXGroup section */
		CEFCE11627196BFF00DAE424 = {
			isa = PBXGroup;
			children = (
				CEFCE12127196BFF00DAE424 /* TestAppCollection */,
				CEFCE12027196BFF00DAE424 /* Products */,
			);
			sourceTree = "<group>";
		};
		CEFCE12027196BFF00DAE424 /* Products */ = {
			isa = PBXGroup;
			children = (
				CEFCE11F27196BFF00DAE424 /* TestAppCollection.app */,
			);
			name = Products;
			sourceTree = "<group>";
		};
		CEFCE12127196BFF00DAE424 /* TestAppCollection */ = {
			isa = PBXGroup;
			children = (
				CEFCE12227196BFF00DAE424 /* AppDelegate.swift */,
				CEFCE12627196BFF00DAE424 /* ViewController.swift */,
				CE6594FD271C0485001812CD /* ResourceManager.swift */,
				CE6FFBB3271D2B27005A2FE3 /* ResourceRequestController.swift */,
				CE6FFBB1271D2440005A2FE3 /* NSError+Extension.swift */,
				CE7BC7AA271C8DA3001A8F74 /* ResourceFileManager.swift */,
				CE6594F9271BE6A3001812CD /* CollectionViewFlowLayout.swift */,
				CE6594FB271BF436001812CD /* Constants.swift */,
				CEFCE1362719748F00DAE424 /* CollectionViewCell.swift */,
				CEFCE12827196C0000DAE424 /* Main.storyboard */,
				CEFCE12B27196C0B00DAE424 /* Assets.xcassets */,
				CEFCE12D27196C0B00DAE424 /* LaunchScreen.storyboard */,
				CEFCE13027196C0B00DAE424 /* Info.plist */,
			);
			path = TestAppCollection;
			sourceTree = "<group>";
		};
/* End PBXGroup section */

/* Begin PBXNativeTarget section */
		CEFCE11E27196BFF00DAE424 /* TestAppCollection */ = {
			isa = PBXNativeTarget;
			buildConfigurationList = CEFCE13327196C0B00DAE424 /* Build configuration list for PBXNativeTarget "TestAppCollection" */;
			buildPhases = (
				CEFCE11B27196BFF00DAE424 /* Sources */,
				CEFCE11C27196BFF00DAE424 /* Frameworks */,
				CEFCE11D27196BFF00DAE424 /* Resources */,
			);
			buildRules = (
			);
			dependencies = (
			);
			name = TestAppCollection;
			productName = TestAppCollection;
			productReference = CEFCE11F27196BFF00DAE424 /* TestAppCollection.app */;
			productType = "com.apple.product-type.application";
		};
/* End PBXNativeTarget section */

/* Begin PBXProject section */
		CEFCE11727196BFF00DAE424 /* Project object */ = {
			isa = PBXProject;
			attributes = {
				LastSwiftUpdateCheck = 1250;
				LastUpgradeCheck = 1250;
				TargetAttributes = {
					CEFCE11E27196BFF00DAE424 = {
						CreatedOnToolsVersion = 12.5.1;
					};
				};
			};
			buildConfigurationList = CEFCE11A27196BFF00DAE424 /* Build configuration list for PBXProject "TestAppCollection" */;
			compatibilityVersion = "Xcode 9.3";
			developmentRegion = en;
			hasScannedForEncodings = 0;
			knownRegions = (
				en,
				Base,
			);
			mainGroup = CEFCE11627196BFF00DAE424;
			productRefGroup = CEFCE12027196BFF00DAE424 /* Products */;
			projectDirPath = "";
			projectRoot = "";
			targets = (
				CEFCE11E27196BFF00DAE424 /* TestAppCollection */,
			);
		};
/* End PBXProject section */

/* Begin PBXResourcesBuildPhase section */
		CEFCE11D27196BFF00DAE424 /* Resources */ = {
			isa = PBXResourcesBuildPhase;
			buildActionMask = 2147483647;
			files = (
				CEFCE12F27196C0B00DAE424 /* LaunchScreen.storyboard in Resources */,
				CEFCE12C27196C0B00DAE424 /* Assets.xcassets in Resources */,
				CEFCE12A27196C0000DAE424 /* Main.storyboard in Resources */,
			);
			runOnlyForDeploymentPostprocessing = 0;
		};
/* End PBXResourcesBuildPhase section */

/* Begin PBXSourcesBuildPhase section */
		CEFCE11B27196BFF00DAE424 /* Sources */ = {
			isa = PBXSourcesBuildPhase;
			buildActionMask = 2147483647;
			files = (
				CEFCE12727196BFF00DAE424 /* ViewController.swift in Sources */,
				CE6594FE271C0485001812CD /* ResourceManager.swift in Sources */,
				CE6FFBB2271D2440005A2FE3 /* NSError+Extension.swift in Sources */,
				CEFCE12327196BFF00DAE424 /* AppDelegate.swift in Sources */,
				CE6594FC271BF436001812CD /* Constants.swift in Sources */,
				CE6594FA271BE6A3001812CD /* CollectionViewFlowLayout.swift in Sources */,
				CEFCE1372719748F00DAE424 /* CollectionViewCell.swift in Sources */,
				CE6FFBB4271D2B27005A2FE3 /* ResourceRequestController.swift in Sources */,
				CE7BC7AB271C8DA3001A8F74 /* ResourceFileManager.swift in Sources */,
			);
			runOnlyForDeploymentPostprocessing = 0;
		};
/* End PBXSourcesBuildPhase section */

/* Begin PBXVariantGroup section */
		CEFCE12827196C0000DAE424 /* Main.storyboard */ = {
			isa = PBXVariantGroup;
			children = (
				CEFCE12927196C0000DAE424 /* Base */,
			);
			name = Main.storyboard;
			sourceTree = "<group>";
		};
		CEFCE12D27196C0B00DAE424 /* LaunchScreen.storyboard */ = {
			isa = PBXVariantGroup;
			children = (
				CEFCE12E27196C0B00DAE424 /* Base */,
			);
			name = LaunchScreen.storyboard;
			sourceTree = "<group>";
		};
/* End PBXVariantGroup section */

/* Begin XCBuildConfiguration section */
		CEFCE13127196C0B00DAE424 /* Debug */ = {
			isa = XCBuildConfiguration;
			buildSettings = {
				ALWAYS_SEARCH_USER_PATHS = NO;
				CLANG_ANALYZER_NONNULL = YES;
				CLANG_ANALYZER_NUMBER_OBJECT_CONVERSION = YES_AGGRESSIVE;
				CLANG_CXX_LANGUAGE_STANDARD = "gnu++14";
				CLANG_CXX_LIBRARY = "libc++";
				CLANG_ENABLE_MODULES = YES;
				CLANG_ENABLE_OBJC_ARC = YES;
				CLANG_ENABLE_OBJC_WEAK = YES;
				CLANG_WARN_BLOCK_CAPTURE_AUTORELEASING = YES;
				CLANG_WARN_BOOL_CONVERSION = YES;
				CLANG_WARN_COMMA = YES;
				CLANG_WARN_CONSTANT_CONVERSION = YES;
				CLANG_WARN_DEPRECATED_OBJC_IMPLEMENTATIONS = YES;
				CLANG_WARN_DIRECT_OBJC_ISA_USAGE = YES_ERROR;
				CLANG_WARN_DOCUMENTATION_COMMENTS = YES;
				CLANG_WARN_EMPTY_BODY = YES;
				CLANG_WARN_ENUM_CONVERSION = YES;
				CLANG_WARN_INFINITE_RECURSION = YES;
				CLANG_WARN_INT_CONVERSION = YES;
				CLANG_WARN_NON_LITERAL_NULL_CONVERSION = YES;
				CLANG_WARN_OBJC_IMPLICIT_RETAIN_SELF = YES;
				CLANG_WARN_OBJC_LITERAL_CONVERSION = YES;
				CLANG_WARN_OBJC_ROOT_CLASS = YES_ERROR;
				CLANG_WARN_QUOTED_INCLUDE_IN_FRAMEWORK_HEADER = YES;
				CLANG_WARN_RANGE_LOOP_ANALYSIS = YES;
				CLANG_WARN_STRICT_PROTOTYPES = YES;
				CLANG_WARN_SUSPICIOUS_MOVE = YES;
				CLANG_WARN_UNGUARDED_AVAILABILITY = YES_AGGRESSIVE;
				CLANG_WARN_UNREACHABLE_CODE = YES;
				CLANG_WARN__DUPLICATE_METHOD_MATCH = YES;
				COPY_PHASE_STRIP = NO;
				DEBUG_INFORMATION_FORMAT = dwarf;
				ENABLE_STRICT_OBJC_MSGSEND = YES;
				ENABLE_TESTABILITY = YES;
				GCC_C_LANGUAGE_STANDARD = gnu11;
				GCC_DYNAMIC_NO_PIC = NO;
				GCC_NO_COMMON_BLOCKS = YES;
				GCC_OPTIMIZATION_LEVEL = 0;
				GCC_PREPROCESSOR_DEFINITIONS = (
					"DEBUG=1",
					"$(inherited)",
				);
				GCC_WARN_64_TO_32_BIT_CONVERSION = YES;
				GCC_WARN_ABOUT_RETURN_TYPE = YES_ERROR;
				GCC_WARN_UNDECLARED_SELECTOR = YES;
				GCC_WARN_UNINITIALIZED_AUTOS = YES_AGGRESSIVE;
				GCC_WARN_UNUSED_FUNCTION = YES;
				GCC_WARN_UNUSED_VARIABLE = YES;
				IPHONEOS_DEPLOYMENT_TARGET = 14.5;
				MTL_ENABLE_DEBUG_INFO = INCLUDE_SOURCE;
				MTL_FAST_MATH = YES;
				ONLY_ACTIVE_ARCH = YES;
				SDKROOT = iphoneos;
				SWIFT_ACTIVE_COMPILATION_CONDITIONS = DEBUG;
				SWIFT_OPTIMIZATION_LEVEL = "-Onone";
			};
			name = Debug;
		};
		CEFCE13227196C0B00DAE424 /* Release */ = {
			isa = XCBuildConfiguration;
			buildSettings = {
				ALWAYS_SEARCH_USER_PATHS = NO;
				CLANG_ANALYZER_NONNULL = YES;
				CLANG_ANALYZER_NUMBER_OBJECT_CONVERSION = YES_AGGRESSIVE;
				CLANG_CXX_LANGUAGE_STANDARD = "gnu++14";
				CLANG_CXX_LIBRARY = "libc++";
				CLANG_ENABLE_MODULES = YES;
				CLANG_ENABLE_OBJC_ARC = YES;
				CLANG_ENABLE_OBJC_WEAK = YES;
				CLANG_WARN_BLOCK_CAPTURE_AUTORELEASING = YES;
				CLANG_WARN_BOOL_CONVERSION = YES;
				CLANG_WARN_COMMA = YES;
				CLANG_WARN_CONSTANT_CONVERSION = YES;
				CLANG_WARN_DEPRECATED_OBJC_IMPLEMENTATIONS = YES;
				CLANG_WARN_DIRECT_OBJC_ISA_USAGE = YES_ERROR;
				CLANG_WARN_DOCUMENTATION_COMMENTS = YES;
				CLANG_WARN_EMPTY_BODY = YES;
				CLANG_WARN_ENUM_CONVERSION = YES;
				CLANG_WARN_INFINITE_RECURSION = YES;
				CLANG_WARN_INT_CONVERSION = YES;
				CLANG_WARN_NON_LITERAL_NULL_CONVERSION = YES;
				CLANG_WARN_OBJC_IMPLICIT_RETAIN_SELF = YES;
				CLANG_WARN_OBJC_LITERAL_CONVERSION = YES;
				CLANG_WARN_OBJC_ROOT_CLASS = YES_ERROR;
				CLANG_WARN_QUOTED_INCLUDE_IN_FRAMEWORK_HEADER = YES;
				CLANG_WARN_RANGE_LOOP_ANALYSIS = YES;
				CLANG_WARN_STRICT_PROTOTYPES = YES;
				CLANG_WARN_SUSPICIOUS_MOVE = YES;
				CLANG_WARN_UNGUARDED_AVAILABILITY = YES_AGGRESSIVE;
				CLANG_WARN_UNREACHABLE_CODE = YES;
				CLANG_WARN__DUPLICATE_METHOD_MATCH = YES;
				COPY_PHASE_STRIP = NO;
				DEBUG_INFORMATION_FORMAT = "dwarf-with-dsym";
				ENABLE_NS_ASSERTIONS = NO;
				ENABLE_STRICT_OBJC_MSGSEND = YES;
				GCC_C_LANGUAGE_STANDARD = gnu11;
				GCC_NO_COMMON_BLOCKS = YES;
				GCC_WARN_64_TO_32_BIT_CONVERSION = YES;
				GCC_WARN_ABOUT_RETURN_TYPE = YES_ERROR;
				GCC_WARN_UNDECLARED_SELECTOR = YES;
				GCC_WARN_UNINITIALIZED_AUTOS = YES_AGGRESSIVE;
				GCC_WARN_UNUSED_FUNCTION = YES;
				GCC_WARN_UNUSED_VARIABLE = YES;
				IPHONEOS_DEPLOYMENT_TARGET = 14.5;
				MTL_ENABLE_DEBUG_INFO = NO;
				MTL_FAST_MATH = YES;
				SDKROOT = iphoneos;
				SWIFT_COMPILATION_MODE = wholemodule;
				SWIFT_OPTIMIZATION_LEVEL = "-O";
				VALIDATE_PRODUCT = YES;
			};
			name = Release;
		};
		CEFCE13427196C0B00DAE424 /* Debug */ = {
			isa = XCBuildConfiguration;
			buildSettings = {
				ASSETCATALOG_COMPILER_APPICON_NAME = AppIcon;
				ASSETCATALOG_COMPILER_GLOBAL_ACCENT_COLOR_NAME = AccentColor;
				CODE_SIGN_STYLE = Automatic;
				INFOPLIST_FILE = TestAppCollection/Info.plist;
				IPHONEOS_DEPLOYMENT_TARGET = 10.0;
				LD_RUNPATH_SEARCH_PATHS = (
					"$(inherited)",
					"@executable_path/Frameworks",
				);
				PRODUCT_BUNDLE_IDENTIFIER = com.test.TestAppCollection;
				PRODUCT_NAME = "$(TARGET_NAME)";
				SWIFT_VERSION = 5.0;
				TARGETED_DEVICE_FAMILY = "1,2";
			};
			name = Debug;
		};
		CEFCE13527196C0B00DAE424 /* Release */ = {
			isa = XCBuildConfiguration;
			buildSettings = {
				ASSETCATALOG_COMPILER_APPICON_NAME = AppIcon;
				ASSETCATALOG_COMPILER_GLOBAL_ACCENT_COLOR_NAME = AccentColor;
				CODE_SIGN_STYLE = Automatic;
				INFOPLIST_FILE = TestAppCollection/Info.plist;
				IPHONEOS_DEPLOYMENT_TARGET = 10.0;
				LD_RUNPATH_SEARCH_PATHS = (
					"$(inherited)",
					"@executable_path/Frameworks",
				);
				PRODUCT_BUNDLE_IDENTIFIER = com.test.TestAppCollection;
				PRODUCT_NAME = "$(TARGET_NAME)";
				SWIFT_VERSION = 5.0;
				TARGETED_DEVICE_FAMILY = "1,2";
			};
			name = Release;
		};
/* End XCBuildConfiguration section */

/* Begin XCConfigurationList section */
		CEFCE11A27196BFF00DAE424 /* Build configuration list for PBXProject "TestAppCollection" */ = {
			isa = XCConfigurationList;
			buildConfigurations = (
				CEFCE13127196C0B00DAE424 /* Debug */,
				CEFCE13227196C0B00DAE424 /* Release */,
			);
			defaultConfigurationIsVisible = 0;
			defaultConfigurationName = Release;
		};
		CEFCE13327196C0B00DAE424 /* Build configuration list for PBXNativeTarget "TestAppCollection" */ = {
			isa = XCConfigurationList;
			buildConfigurations = (
				CEFCE13427196C0B00DAE424 /* Debug */,
				CEFCE13527196C0B00DAE424 /* Release */,
			);
			defaultConfigurationIsVisible = 0;
			defaultConfigurationName = Release;
		};
/* End XCConfigurationList section */
	};
	rootObject = CEFCE11727196BFF00DAE424 /* Project object */;
}
